
Microsoft Visual Studio Solution File, Format Version 12.00
# Visual Studio 2013
VisualStudioVersion = 12.0.40629.0
MinimumVisualStudioVersion = 10.0.40219.1
Project("{FAE04EC0-301F-11D3-BF4B-00C04F79EFBC}") = "OnlineShop", "OnlineShop\OnlineShop.csproj", "{AD448AB9-2F4E-4E87-AB8B-8AD964CEECDC}"
EndProject
Project("{FAE04EC0-301F-11D3-BF4B-00C04F79EFBC}") = "Models", "Models\Models.csproj", "{299293C6-4AE5-46D9-B039-490AFF606130}"
EndProject
Project("{FAE04EC0-301F-11D3-BF4B-00C04F79EFBC}") = "Common", "Common\Common.csproj", "{A08A0608-B24E-408F-97DC-946F3F983A00}"
EndProject
Global
	GlobalSection(SolutionConfigurationPlatforms) = preSolution
		Debug|Any CPU = Debug|Any CPU
		Release|Any CPU = Release|Any CPU
	EndGlobalSection
	GlobalSection(ProjectConfigurationPlatforms) = postSolution
		{AD448AB9-2F4E-4E87-AB8B-8AD964CEECDC}.Debug|Any CPU.ActiveCfg = Debug|Any CPU
		{AD448AB9-2F4E-4E87-AB8B-8AD964CEECDC}.Debug|Any CPU.Build.0 = Debug|Any CPU
		{AD448AB9-2F4E-4E87-AB8B-8AD964CEECDC}.Release|Any CPU.ActiveCfg = Release|Any CPU
		{AD448AB9-2F4E-4E87-AB8B-8AD964CEECDC}.Release|Any CPU.Build.0 = Release|Any CPU
		{299293C6-4AE5-46D9-B039-490AFF606130}.Debug|Any CPU.ActiveCfg = Debug|Any CPU
		{299293C6-4AE5-46D9-B039-490AFF606130}.Debug|Any CPU.Build.0 = Debug|Any CPU
		{299293C6-4AE5-46D9-B039-490AFF606130}.Release|Any CPU.ActiveCfg = Release|Any CPU
		{299293C6-4AE5-46D9-B039-490AFF606130}.Release|Any CPU.Build.0 = Release|Any CPU
		{A08A0608-B24E-408F-97DC-946F3F983A00}.Debug|Any CPU.ActiveCfg = Debug|Any CPU
		{A08A0608-B24E-408F-97DC-946F3F983A00}.Debug|Any CPU.Build.0 = Debug|Any CPU
		{A08A0608-B24E-408F-97DC-946F3F983A00}.Release|Any CPU.ActiveCfg = Release|Any CPU
		{A08A0608-B24E-408F-97DC-946F3F983A00}.Release|Any CPU.Build.0 = Release|Any CPU
	EndGlobalSection
	GlobalSection(SolutionProperties) = preSolution
		HideSolutionNode = FALSE
	EndGlobalSection
EndGlobal
